
Microsoft Visual Studio Solution File, Format Version 12.00
# Visual Studio Version 16
VisualStudioVersion = 16.0.31410.357
MinimumVisualStudioVersion = 10.0.40219.1
Project("{FAE04EC0-301F-11D3-BF4B-00C04F79EFBC}") = "LeapYear", "LeapYear.csproj", "{1DA36AA4-98DD-49B3-939E-1426B0F8CBB1}"
EndProject
Global
	GlobalSection(SolutionConfigurationPlatforms) = preSolution
		Debug|Any CPU = Debug|Any CPU
		Release|Any CPU = Release|Any CPU
	EndGlobalSection
	GlobalSection(ProjectConfigurationPlatforms) = postSolution
		{1DA36AA4-98DD-49B3-939E-1426B0F8CBB1}.Debug|Any CPU.ActiveCfg = Debug|Any CPU
		{1DA36AA4-98DD-49B3-939E-1426B0F8CBB1}.Debug|Any CPU.Build.0 = Debug|Any CPU
		{1DA36AA4-98DD-49B3-939E-1426B0F8CBB1}.Release|Any CPU.ActiveCfg = Release|Any CPU
		{1DA36AA4-98DD-49B3-939E-1426B0F8CBB1}.Release|Any CPU.Build.0 = Release|Any CPU
	EndGlobalSection
	GlobalSection(SolutionProperties) = preSolution
		HideSolutionNode = FALSE
	EndGlobalSection
	GlobalSection(ExtensibilityGlobals) = postSolution
		SolutionGuid = {0E7F44FC-2211-42A0-925F-8F1E60564FFC}
	EndGlobalSection
EndGlobal
